
Microsoft Visual Studio Solution File, Format Version 12.00
# Visual Studio Version 17
VisualStudioVersion = 17.7.34031.279
MinimumVisualStudioVersion = 10.0.40219.1
Project("{2150E333-8FDC-42A3-9474-1A3956D46DE8}") = "Services", "Services", "{3FBE8DB1-0FA9-46B5-B488-BB5B0C7E9918}"
EndProject
Project("{FAE04EC0-301F-11D3-BF4B-00C04F79EFBC}") = "Catalog.API", "Services\Catalog.API\Catalog.API.csproj", "{6F4F793C-8F1D-42EE-9ECE-B9D0355AFC2A}"
EndProject
Global
	GlobalSection(SolutionConfigurationPlatforms) = preSolution
		Debug|Any CPU = Debug|Any CPU
		Release|Any CPU = Release|Any CPU
	EndGlobalSection
	GlobalSection(ProjectConfigurationPlatforms) = postSolution
		{6F4F793C-8F1D-42EE-9ECE-B9D0355AFC2A}.Debug|Any CPU.ActiveCfg = Debug|Any CPU
		{6F4F793C-8F1D-42EE-9ECE-B9D0355AFC2A}.Debug|Any CPU.Build.0 = Debug|Any CPU
		{6F4F793C-8F1D-42EE-9ECE-B9D0355AFC2A}.Release|Any CPU.ActiveCfg = Release|Any CPU
		{6F4F793C-8F1D-42EE-9ECE-B9D0355AFC2A}.Release|Any CPU.Build.0 = Release|Any CPU
	EndGlobalSection
	GlobalSection(SolutionProperties) = preSolution
		HideSolutionNode = FALSE
	EndGlobalSection
	GlobalSection(NestedProjects) = preSolution
		{6F4F793C-8F1D-42EE-9ECE-B9D0355AFC2A} = {3FBE8DB1-0FA9-46B5-B488-BB5B0C7E9918}
	EndGlobalSection
	GlobalSection(ExtensibilityGlobals) = postSolution
		SolutionGuid = {3A3A6595-CA60-46DD-A551-DDD676542073}
	EndGlobalSection
EndGlobal
